
Microsoft Visual Studio Solution File, Format Version 12.00
# Visual Studio Version 17
VisualStudioVersion = 17.6.33927.249
MinimumVisualStudioVersion = 10.0.40219.1
Project("{9A19103F-16F7-4668-BE54-9A1E7A4F7556}") = "Attribute", "CleanCode\Attribute.csproj", "{C12E522D-9F97-424A-9AC5-E09298E6C3FA}"
EndProject
Project("{9A19103F-16F7-4668-BE54-9A1E7A4F7556}") = "Reflection", "Reflection\Reflection.csproj", "{3AE43C93-EFB9-4AC8-B75E-B2EB4BB441FA}"
EndProject
Project("{9A19103F-16F7-4668-BE54-9A1E7A4F7556}") = "Delegates", "Delegates\Delegates.csproj", "{A0FA7FAE-7AB3-458A-AFDA-D6A6764675E3}"
EndProject
Project("{FAE04EC0-301F-11D3-BF4B-00C04F79EFBC}") = "Events", "Events\Events.csproj", "{ADD58E75-A7FF-4954-86AC-CAAC055F6DC2}"
EndProject
Global
	GlobalSection(SolutionConfigurationPlatforms) = preSolution
		Debug|Any CPU = Debug|Any CPU
		Release|Any CPU = Release|Any CPU
	EndGlobalSection
	GlobalSection(ProjectConfigurationPlatforms) = postSolution
		{C12E522D-9F97-424A-9AC5-E09298E6C3FA}.Debug|Any CPU.ActiveCfg = Debug|Any CPU
		{C12E522D-9F97-424A-9AC5-E09298E6C3FA}.Debug|Any CPU.Build.0 = Debug|Any CPU
		{C12E522D-9F97-424A-9AC5-E09298E6C3FA}.Release|Any CPU.ActiveCfg = Release|Any CPU
		{C12E522D-9F97-424A-9AC5-E09298E6C3FA}.Release|Any CPU.Build.0 = Release|Any CPU
		{3AE43C93-EFB9-4AC8-B75E-B2EB4BB441FA}.Debug|Any CPU.ActiveCfg = Debug|Any CPU
		{3AE43C93-EFB9-4AC8-B75E-B2EB4BB441FA}.Debug|Any CPU.Build.0 = Debug|Any CPU
		{3AE43C93-EFB9-4AC8-B75E-B2EB4BB441FA}.Release|Any CPU.ActiveCfg = Release|Any CPU
		{3AE43C93-EFB9-4AC8-B75E-B2EB4BB441FA}.Release|Any CPU.Build.0 = Release|Any CPU
		{A0FA7FAE-7AB3-458A-AFDA-D6A6764675E3}.Debug|Any CPU.ActiveCfg = Debug|Any CPU
		{A0FA7FAE-7AB3-458A-AFDA-D6A6764675E3}.Debug|Any CPU.Build.0 = Debug|Any CPU
		{A0FA7FAE-7AB3-458A-AFDA-D6A6764675E3}.Release|Any CPU.ActiveCfg = Release|Any CPU
		{A0FA7FAE-7AB3-458A-AFDA-D6A6764675E3}.Release|Any CPU.Build.0 = Release|Any CPU
		{ADD58E75-A7FF-4954-86AC-CAAC055F6DC2}.Debug|Any CPU.ActiveCfg = Debug|Any CPU
		{ADD58E75-A7FF-4954-86AC-CAAC055F6DC2}.Debug|Any CPU.Build.0 = Debug|Any CPU
		{ADD58E75-A7FF-4954-86AC-CAAC055F6DC2}.Release|Any CPU.ActiveCfg = Release|Any CPU
		{ADD58E75-A7FF-4954-86AC-CAAC055F6DC2}.Release|Any CPU.Build.0 = Release|Any CPU
	EndGlobalSection
	GlobalSection(SolutionProperties) = preSolution
		HideSolutionNode = FALSE
	EndGlobalSection
	GlobalSection(ExtensibilityGlobals) = postSolution
		SolutionGuid = {69D0E17A-892B-4E34-938E-FF47E91803A5}
	EndGlobalSection
EndGlobal
